
Microsoft Visual Studio Solution File, Format Version 12.00
# Visual Studio Version 17
VisualStudioVersion = 17.7.34024.191
MinimumVisualStudioVersion = 10.0.40219.1
Project("{FAE04EC0-301F-11D3-BF4B-00C04F79EFBC}") = "Mod10DZ", "Mod09DZ\Mod10DZ.csproj", "{60F5D248-8EA4-462B-9E93-AF5BBE9FC671}"
EndProject
Project("{FAE04EC0-301F-11D3-BF4B-00C04F79EFBC}") = "PersonL", "Person\PersonL.csproj", "{CC473346-45FF-440C-87F2-5BD59E5329BD}"
EndProject
Project("{FAE04EC0-301F-11D3-BF4B-00C04F79EFBC}") = "StudentL", "Student\StudentL.csproj", "{8ED0088E-8ACA-48D9-9B51-3AD440135E54}"
EndProject
Project("{FAE04EC0-301F-11D3-BF4B-00C04F79EFBC}") = "TeacherL", "Teacher\TeacherL.csproj", "{6D1B840C-0EF7-40A0-81B3-9AC2F4496BF2}"
EndProject
Project("{FAE04EC0-301F-11D3-BF4B-00C04F79EFBC}") = "StudentWithAdvisorL", "StudentWithAdvisor\StudentWithAdvisorL.csproj", "{B8DE0840-79A4-47A8-80B4-E0F0DE75BEB4}"
EndProject
Global
	GlobalSection(SolutionConfigurationPlatforms) = preSolution
		Debug|Any CPU = Debug|Any CPU
		Release|Any CPU = Release|Any CPU
	EndGlobalSection
	GlobalSection(ProjectConfigurationPlatforms) = postSolution
		{60F5D248-8EA4-462B-9E93-AF5BBE9FC671}.Debug|Any CPU.ActiveCfg = Debug|Any CPU
		{60F5D248-8EA4-462B-9E93-AF5BBE9FC671}.Debug|Any CPU.Build.0 = Debug|Any CPU
		{60F5D248-8EA4-462B-9E93-AF5BBE9FC671}.Release|Any CPU.ActiveCfg = Release|Any CPU
		{60F5D248-8EA4-462B-9E93-AF5BBE9FC671}.Release|Any CPU.Build.0 = Release|Any CPU
		{CC473346-45FF-440C-87F2-5BD59E5329BD}.Debug|Any CPU.ActiveCfg = Debug|Any CPU
		{CC473346-45FF-440C-87F2-5BD59E5329BD}.Debug|Any CPU.Build.0 = Debug|Any CPU
		{CC473346-45FF-440C-87F2-5BD59E5329BD}.Release|Any CPU.ActiveCfg = Release|Any CPU
		{CC473346-45FF-440C-87F2-5BD59E5329BD}.Release|Any CPU.Build.0 = Release|Any CPU
		{8ED0088E-8ACA-48D9-9B51-3AD440135E54}.Debug|Any CPU.ActiveCfg = Debug|Any CPU
		{8ED0088E-8ACA-48D9-9B51-3AD440135E54}.Debug|Any CPU.Build.0 = Debug|Any CPU
		{8ED0088E-8ACA-48D9-9B51-3AD440135E54}.Release|Any CPU.ActiveCfg = Release|Any CPU
		{8ED0088E-8ACA-48D9-9B51-3AD440135E54}.Release|Any CPU.Build.0 = Release|Any CPU
		{6D1B840C-0EF7-40A0-81B3-9AC2F4496BF2}.Debug|Any CPU.ActiveCfg = Debug|Any CPU
		{6D1B840C-0EF7-40A0-81B3-9AC2F4496BF2}.Debug|Any CPU.Build.0 = Debug|Any CPU
		{6D1B840C-0EF7-40A0-81B3-9AC2F4496BF2}.Release|Any CPU.ActiveCfg = Release|Any CPU
		{6D1B840C-0EF7-40A0-81B3-9AC2F4496BF2}.Release|Any CPU.Build.0 = Release|Any CPU
		{B8DE0840-79A4-47A8-80B4-E0F0DE75BEB4}.Debug|Any CPU.ActiveCfg = Debug|Any CPU
		{B8DE0840-79A4-47A8-80B4-E0F0DE75BEB4}.Debug|Any CPU.Build.0 = Debug|Any CPU
		{B8DE0840-79A4-47A8-80B4-E0F0DE75BEB4}.Release|Any CPU.ActiveCfg = Release|Any CPU
		{B8DE0840-79A4-47A8-80B4-E0F0DE75BEB4}.Release|Any CPU.Build.0 = Release|Any CPU
	EndGlobalSection
	GlobalSection(SolutionProperties) = preSolution
		HideSolutionNode = FALSE
	EndGlobalSection
	GlobalSection(ExtensibilityGlobals) = postSolution
		SolutionGuid = {67676E7F-A335-4CAC-9D2F-AD3B5ABFD622}
	EndGlobalSection
EndGlobal
