
Microsoft Visual Studio Solution File, Format Version 12.00
# Visual Studio Version 17
VisualStudioVersion = 17.7.34024.191
MinimumVisualStudioVersion = 10.0.40219.1
Project("{FAE04EC0-301F-11D3-BF4B-00C04F79EFBC}") = "ModEX", "ModEX\ModEX.csproj", "{5EECD1C6-177D-4988-8EAA-A2945544E28F}"
EndProject
Project("{FAE04EC0-301F-11D3-BF4B-00C04F79EFBC}") = "ContactLib", "ContactLib\ContactLib.csproj", "{234DF0BE-3F54-4023-8A63-7569973216A6}"
EndProject
Global
	GlobalSection(SolutionConfigurationPlatforms) = preSolution
		Debug|Any CPU = Debug|Any CPU
		Release|Any CPU = Release|Any CPU
	EndGlobalSection
	GlobalSection(ProjectConfigurationPlatforms) = postSolution
		{5EECD1C6-177D-4988-8EAA-A2945544E28F}.Debug|Any CPU.ActiveCfg = Debug|Any CPU
		{5EECD1C6-177D-4988-8EAA-A2945544E28F}.Debug|Any CPU.Build.0 = Debug|Any CPU
		{5EECD1C6-177D-4988-8EAA-A2945544E28F}.Release|Any CPU.ActiveCfg = Release|Any CPU
		{5EECD1C6-177D-4988-8EAA-A2945544E28F}.Release|Any CPU.Build.0 = Release|Any CPU
		{234DF0BE-3F54-4023-8A63-7569973216A6}.Debug|Any CPU.ActiveCfg = Debug|Any CPU
		{234DF0BE-3F54-4023-8A63-7569973216A6}.Debug|Any CPU.Build.0 = Debug|Any CPU
		{234DF0BE-3F54-4023-8A63-7569973216A6}.Release|Any CPU.ActiveCfg = Release|Any CPU
		{234DF0BE-3F54-4023-8A63-7569973216A6}.Release|Any CPU.Build.0 = Release|Any CPU
	EndGlobalSection
	GlobalSection(SolutionProperties) = preSolution
		HideSolutionNode = FALSE
	EndGlobalSection
	GlobalSection(ExtensibilityGlobals) = postSolution
		SolutionGuid = {B2703749-9FDB-4CB1-90D5-B8B66733F52B}
	EndGlobalSection
EndGlobal
