
Microsoft Visual Studio Solution File, Format Version 12.00
# Visual Studio Version 17
VisualStudioVersion = 17.7.34024.191
MinimumVisualStudioVersion = 10.0.40219.1
Project("{FAE04EC0-301F-11D3-BF4B-00C04F79EFBC}") = "Mod09Dz", "Mod09Dz\Mod09Dz.csproj", "{7FBA4377-2F29-41CC-8003-750B1E46E5FA}"
EndProject
Project("{FAE04EC0-301F-11D3-BF4B-00C04F79EFBC}") = "EmployeeLib", "EmployeeLib\EmployeeLib.csproj", "{923B6D8E-EC34-4C59-8F0D-D0EA9BAB3FC9}"
EndProject
Global
	GlobalSection(SolutionConfigurationPlatforms) = preSolution
		Debug|Any CPU = Debug|Any CPU
		Release|Any CPU = Release|Any CPU
	EndGlobalSection
	GlobalSection(ProjectConfigurationPlatforms) = postSolution
		{7FBA4377-2F29-41CC-8003-750B1E46E5FA}.Debug|Any CPU.ActiveCfg = Debug|Any CPU
		{7FBA4377-2F29-41CC-8003-750B1E46E5FA}.Debug|Any CPU.Build.0 = Debug|Any CPU
		{7FBA4377-2F29-41CC-8003-750B1E46E5FA}.Release|Any CPU.ActiveCfg = Release|Any CPU
		{7FBA4377-2F29-41CC-8003-750B1E46E5FA}.Release|Any CPU.Build.0 = Release|Any CPU
		{923B6D8E-EC34-4C59-8F0D-D0EA9BAB3FC9}.Debug|Any CPU.ActiveCfg = Debug|Any CPU
		{923B6D8E-EC34-4C59-8F0D-D0EA9BAB3FC9}.Debug|Any CPU.Build.0 = Debug|Any CPU
		{923B6D8E-EC34-4C59-8F0D-D0EA9BAB3FC9}.Release|Any CPU.ActiveCfg = Release|Any CPU
		{923B6D8E-EC34-4C59-8F0D-D0EA9BAB3FC9}.Release|Any CPU.Build.0 = Release|Any CPU
	EndGlobalSection
	GlobalSection(SolutionProperties) = preSolution
		HideSolutionNode = FALSE
	EndGlobalSection
	GlobalSection(ExtensibilityGlobals) = postSolution
		SolutionGuid = {DAF524BE-7A2E-4AE7-AF54-B5A3EB5BD42A}
	EndGlobalSection
EndGlobal
